
Microsoft Visual Studio Solution File, Format Version 12.00
# Visual Studio Version 17
VisualStudioVersion = 17.9.34622.214
MinimumVisualStudioVersion = 10.0.40219.1
Project("{FAE04EC0-301F-11D3-BF4B-00C04F79EFBC}") = "tpmodul8_1302223119", "tpmodul8_1302223119\tpmodul8_1302223119.csproj", "{DE81D851-C1A8-4E84-B447-DF42F813A9FF}"
EndProject
Global
	GlobalSection(SolutionConfigurationPlatforms) = preSolution
		Debug|Any CPU = Debug|Any CPU
		Release|Any CPU = Release|Any CPU
	EndGlobalSection
	GlobalSection(ProjectConfigurationPlatforms) = postSolution
		{DE81D851-C1A8-4E84-B447-DF42F813A9FF}.Debug|Any CPU.ActiveCfg = Debug|Any CPU
		{DE81D851-C1A8-4E84-B447-DF42F813A9FF}.Debug|Any CPU.Build.0 = Debug|Any CPU
		{DE81D851-C1A8-4E84-B447-DF42F813A9FF}.Release|Any CPU.ActiveCfg = Release|Any CPU
		{DE81D851-C1A8-4E84-B447-DF42F813A9FF}.Release|Any CPU.Build.0 = Release|Any CPU
	EndGlobalSection
	GlobalSection(SolutionProperties) = preSolution
		HideSolutionNode = FALSE
	EndGlobalSection
	GlobalSection(ExtensibilityGlobals) = postSolution
		SolutionGuid = {67F9ED29-BC5E-4CF4-B7E1-3AC6CB850E60}
	EndGlobalSection
EndGlobal
